// !$*UTF8*$!
{
	archiveVersion = 1;
	classes = {
	};
	objectVersion = 50;
	objects = {

/* Begin PBXBuildFile section */
		14AC5D02219DF47E0036026D /* AppDelegate.swift in Sources */ = {isa = PBXBuildFile; fileRef = 14AC5D01219DF47E0036026D /* AppDelegate.swift */; };
		14AC5D04219DF47E0036026D /* ViewController.swift in Sources */ = {isa = PBXBuildFile; fileRef = 14AC5D03219DF47E0036026D /* ViewController.swift */; };
		14AC5D07219DF47E0036026D /* Main.storyboard in Resources */ = {isa = PBXBuildFile; fileRef = 14AC5D05219DF47E0036026D /* Main.storyboard */; };
		14AC5D09219DF47F0036026D /* Assets.xcassets in Resources */ = {isa = PBXBuildFile; fileRef = 14AC5D08219DF47F0036026D /* Assets.xcassets */; };
		14AC5D0C219DF47F0036026D /* LaunchScreen.storyboard in Resources */ = {isa = PBXBuildFile; fileRef = 14AC5D0A219DF47F0036026D /* LaunchScreen.storyboard */; };
/* End PBXBuildFile section */

/* Begin PBXFileReference section */
		14AC5CFE219DF47E0036026D /* On The Map.app */ = {isa = PBXFileReference; explicitFileType = wrapper.application; includeInIndex = 0; path = "On The Map.app"; sourceTree = BUILT_PRODUCTS_DIR; };
		14AC5D01219DF47E0036026D /* AppDelegate.swift */ = {isa = PBXFileReference; lastKnownFileType = sourcecode.swift; path = AppDelegate.swift; sourceTree = "<group>"; };
		14AC5D03219DF47E0036026D /* ViewController.swift */ = {isa = PBXFileReference; lastKnownFileType = sourcecode.swift; path = ViewController.swift; sourceTree = "<group>"; };
		14AC5D06219DF47E0036026D /* Base */ = {isa = PBXFileReference; lastKnownFileType = file.storyboard; name = Base; path = Base.lproj/Main.storyboard; sourceTree = "<group>"; };
		14AC5D08219DF47F0036026D /* Assets.xcassets */ = {isa = PBXFileReference; lastKnownFileType = folder.assetcatalog; path = Assets.xcassets; sourceTree = "<group>"; };
		14AC5D0B219DF47F0036026D /* Base */ = {isa = PBXFileReference; lastKnownFileType = file.storyboard; name = Base; path = Base.lproj/LaunchScreen.storyboard; sourceTree = "<group>"; };
		14AC5D0D219DF47F0036026D /* Info.plist */ = {isa = PBXFileReference; lastKnownFileType = text.plist.xml; path = Info.plist; sourceTree = "<group>"; };
/* End PBXFileReference section */

/* Begin PBXFrameworksBuildPhase section */
		14AC5CFB219DF47E0036026D /* Frameworks */ = {
			isa = PBXFrameworksBuildPhase;
			buildActionMask = 2147483647;
			files = (
			);
			runOnlyForDeploymentPostprocessing = 0;
		};
/* End PBXFrameworksBuildPhase section */

/* Begin PBXGroup section */
		14AC5CF5219DF47E0036026D = {
			isa = PBXGroup;
			children = (
				14AC5D00219DF47E0036026D /* On The Map */,
				14AC5CFF219DF47E0036026D /* Products */,
			);
			sourceTree = "<group>";
		};
		14AC5CFF219DF47E0036026D /* Products */ = {
			isa = PBXGroup;
			children = (
				14AC5CFE219DF47E0036026D /* On The Map.app */,
			);
			name = Products;
			sourceTree = "<group>";
		};
		14AC5D00219DF47E0036026D /* On The Map */ = {
			isa = PBXGroup;
			children = (
				14AC5D01219DF47E0036026D /* AppDelegate.swift */,
				14AC5D03219DF47E0036026D /* ViewController.swift */,
				14AC5D05219DF47E0036026D /* Main.storyboard */,
				14AC5D08219DF47F0036026D /* Assets.xcassets */,
				14AC5D0A219DF47F0036026D /* LaunchScreen.storyboard */,
				14AC5D0D219DF47F0036026D /* Info.plist */,
			);
			path = "On The Map";
			sourceTree = "<group>";
		};
/* End PBXGroup section */

/* Begin PBXNativeTarget section */
		14AC5CFD219DF47E0036026D /* On The Map */ = {
			isa = PBXNativeTarget;
			buildConfigurationList = 14AC5D10219DF47F0036026D /* Build configuration list for PBXNativeTarget "On The Map" */;
			buildPhases = (
				14AC5CFA219DF47E0036026D /* Sources */,
				14AC5CFB219DF47E0036026D /* Frameworks */,
				14AC5CFC219DF47E0036026D /* Resources */,
			);
			buildRules = (
			);
			dependencies = (
			);
			name = "On The Map";
			productName = "On The Map";
			productReference = 14AC5CFE219DF47E0036026D /* On The Map.app */;
			productType = "com.apple.product-type.application";
		};
/* End PBXNativeTarget section */

/* Begin PBXProject section */
		14AC5CF6219DF47E0036026D /* Project object */ = {
			isa = PBXProject;
			attributes = {
				LastSwiftUpdateCheck = 1010;
				LastUpgradeCheck = 1010;
				ORGANIZATIONNAME = lynmasri;
				TargetAttributes = {
					14AC5CFD219DF47E0036026D = {
						CreatedOnToolsVersion = 10.1;
					};
				};
			};
			buildConfigurationList = 14AC5CF9219DF47E0036026D /* Build configuration list for PBXProject "On The Map" */;
			compatibilityVersion = "Xcode 9.3";
			developmentRegion = en;
			hasScannedForEncodings = 0;
			knownRegions = (
				en,
				Base,
			);
			mainGroup = 14AC5CF5219DF47E0036026D;
			productRefGroup = 14AC5CFF219DF47E0036026D /* Products */;
			projectDirPath = "";
			projectRoot = "";
			targets = (
				14AC5CFD219DF47E0036026D /* On The Map */,
			);
		};
/* End PBXProject section */

/* Begin PBXResourcesBuildPhase section */
		14AC5CFC219DF47E0036026D /* Resources */ = {
			isa = PBXResourcesBuildPhase;
			buildActionMask = 2147483647;
			files = (
				14AC5D0C219DF47F0036026D /* LaunchScreen.storyboard in Resources */,
				14AC5D09219DF47F0036026D /* Assets.xcassets in Resources */,
				14AC5D07219DF47E0036026D /* Main.storyboard in Resources */,
			);
			runOnlyForDeploymentPostprocessing = 0;
		};
/* End PBXResourcesBuildPhase section */

/* Begin PBXSourcesBuildPhase section */
		14AC5CFA219DF47E0036026D /* Sources */ = {
			isa = PBXSourcesBuildPhase;
			buildActionMask = 2147483647;
			files = (
				14AC5D04219DF47E0036026D /* ViewController.swift in Sources */,
				14AC5D02219DF47E0036026D /* AppDelegate.swift in Sources */,
			);
			runOnlyForDeploymentPostprocessing = 0;
		};
/* End PBXSourcesBuildPhase section */

/* Begin PBXVariantGroup section */
		14AC5D05219DF47E0036026D /* Main.storyboard */ = {
			isa = PBXVariantGroup;
			children = (
				14AC5D06219DF47E0036026D /* Base */,
			);
			name = Main.storyboard;
			sourceTree = "<group>";
		};
		14AC5D0A219DF47F0036026D /* LaunchScreen.storyboard */ = {
			isa = PBXVariantGroup;
			children = (
				14AC5D0B219DF47F0036026D /* Base */,
			);
			name = LaunchScreen.storyboard;
			sourceTree = "<group>";
		};
/* End PBXVariantGroup section */

/* Begin XCBuildConfiguration section */
		14AC5D0E219DF47F0036026D /* Debug */ = {
			isa = XCBuildConfiguration;
			buildSettings = {
				ALWAYS_SEARCH_USER_PATHS = NO;
				CLANG_ANALYZER_NONNULL = YES;
				CLANG_ANALYZER_NUMBER_OBJECT_CONVERSION = YES_AGGRESSIVE;
				CLANG_CXX_LANGUAGE_STANDARD = "gnu++14";
				CLANG_CXX_LIBRARY = "libc++";
				CLANG_ENABLE_MODULES = YES;
				CLANG_ENABLE_OBJC_ARC = YES;
				CLANG_ENABLE_OBJC_WEAK = YES;
				CLANG_WARN_BLOCK_CAPTURE_AUTORELEASING = YES;
				CLANG_WARN_BOOL_CONVERSION = YES;
				CLANG_WARN_COMMA = YES;
				CLANG_WARN_CONSTANT_CONVERSION = YES;
				CLANG_WARN_DEPRECATED_OBJC_IMPLEMENTATIONS = YES;
				CLANG_WARN_DIRECT_OBJC_ISA_USAGE = YES_ERROR;
				CLANG_WARN_DOCUMENTATION_COMMENTS = YES;
				CLANG_WARN_EMPTY_BODY = YES;
				CLANG_WARN_ENUM_CONVERSION = YES;
				CLANG_WARN_INFINITE_RECURSION = YES;
				CLANG_WARN_INT_CONVERSION = YES;
				CLANG_WARN_NON_LITERAL_NULL_CONVERSION = YES;
				CLANG_WARN_OBJC_IMPLICIT_RETAIN_SELF = YES;
				CLANG_WARN_OBJC_LITERAL_CONVERSION = YES;
				CLANG_WARN_OBJC_ROOT_CLASS = YES_ERROR;
				CLANG_WARN_RANGE_LOOP_ANALYSIS = YES;
				CLANG_WARN_STRICT_PROTOTYPES = YES;
				CLANG_WARN_SUSPICIOUS_MOVE = YES;
				CLANG_WARN_UNGUARDED_AVAILABILITY = YES_AGGRESSIVE;
				CLANG_WARN_UNREACHABLE_CODE = YES;
				CLANG_WARN__DUPLICATE_METHOD_MATCH = YES;
				CODE_SIGN_IDENTITY = "iPhone Developer";
				COPY_PHASE_STRIP = NO;
				DEBUG_INFORMATION_FORMAT = dwarf;
				ENABLE_STRICT_OBJC_MSGSEND = YES;
				ENABLE_TESTABILITY = YES;
				GCC_C_LANGUAGE_STANDARD = gnu11;
				GCC_DYNAMIC_NO_PIC = NO;
				GCC_NO_COMMON_BLOCKS = YES;
				GCC_OPTIMIZATION_LEVEL = 0;
				GCC_PREPROCESSOR_DEFINITIONS = (
					"DEBUG=1",
					"$(inherited)",
				);
				GCC_WARN_64_TO_32_BIT_CONVERSION = YES;
				GCC_WARN_ABOUT_RETURN_TYPE = YES_ERROR;
				GCC_WARN_UNDECLARED_SELECTOR = YES;
				GCC_WARN_UNINITIALIZED_AUTOS = YES_AGGRESSIVE;
				GCC_WARN_UNUSED_FUNCTION = YES;
				GCC_WARN_UNUSED_VARIABLE = YES;
				IPHONEOS_DEPLOYMENT_TARGET = 12.1;
				MTL_ENABLE_DEBUG_INFO = INCLUDE_SOURCE;
				MTL_FAST_MATH = YES;
				ONLY_ACTIVE_ARCH = YES;
				SDKROOT = iphoneos;
				SWIFT_ACTIVE_COMPILATION_CONDITIONS = DEBUG;
				SWIFT_OPTIMIZATION_LEVEL = "-Onone";
			};
			name = Debug;
		};
		14AC5D0F219DF47F0036026D /* Release */ = {
			isa = XCBuildConfiguration;
			buildSettings = {
				ALWAYS_SEARCH_USER_PATHS = NO;
				CLANG_ANALYZER_NONNULL = YES;
				CLANG_ANALYZER_NUMBER_OBJECT_CONVERSION = YES_AGGRESSIVE;
				CLANG_CXX_LANGUAGE_STANDARD = "gnu++14";
				CLANG_CXX_LIBRARY = "libc++";
				CLANG_ENABLE_MODULES = YES;
				CLANG_ENABLE_OBJC_ARC = YES;
				CLANG_ENABLE_OBJC_WEAK = YES;
				CLANG_WARN_BLOCK_CAPTURE_AUTORELEASING = YES;
				CLANG_WARN_BOOL_CONVERSION = YES;
				CLANG_WARN_COMMA = YES;
				CLANG_WARN_CONSTANT_CONVERSION = YES;
				CLANG_WARN_DEPRECATED_OBJC_IMPLEMENTATIONS = YES;
				CLANG_WARN_DIRECT_OBJC_ISA_USAGE = YES_ERROR;
				CLANG_WARN_DOCUMENTATION_COMMENTS = YES;
				CLANG_WARN_EMPTY_BODY = YES;
				CLANG_WARN_ENUM_CONVERSION = YES;
				CLANG_WARN_INFINITE_RECURSION = YES;
				CLANG_WARN_INT_CONVERSION = YES;
				CLANG_WARN_NON_LITERAL_NULL_CONVERSION = YES;
				CLANG_WARN_OBJC_IMPLICIT_RETAIN_SELF = YES;
				CLANG_WARN_OBJC_LITERAL_CONVERSION = YES;
				CLANG_WARN_OBJC_ROOT_CLASS = YES_ERROR;
				CLANG_WARN_RANGE_LOOP_ANALYSIS = YES;
				CLANG_WARN_STRICT_PROTOTYPES = YES;
				CLANG_WARN_SUSPICIOUS_MOVE = YES;
				CLANG_WARN_UNGUARDED_AVAILABILITY = YES_AGGRESSIVE;
				CLANG_WARN_UNREACHABLE_CODE = YES;
				CLANG_WARN__DUPLICATE_METHOD_MATCH = YES;
				CODE_SIGN_IDENTITY = "iPhone Developer";
				COPY_PHASE_STRIP = NO;
				DEBUG_INFORMATION_FORMAT = "dwarf-with-dsym";
				ENABLE_NS_ASSERTIONS = NO;
				ENABLE_STRICT_OBJC_MSGSEND = YES;
				GCC_C_LANGUAGE_STANDARD = gnu11;
				GCC_NO_COMMON_BLOCKS = YES;
				GCC_WARN_64_TO_32_BIT_CONVERSION = YES;
				GCC_WARN_ABOUT_RETURN_TYPE = YES_ERROR;
				GCC_WARN_UNDECLARED_SELECTOR = YES;
				GCC_WARN_UNINITIALIZED_AUTOS = YES_AGGRESSIVE;
				GCC_WARN_UNUSED_FUNCTION = YES;
				GCC_WARN_UNUSED_VARIABLE = YES;
				IPHONEOS_DEPLOYMENT_TARGET = 12.1;
				MTL_ENABLE_DEBUG_INFO = NO;
				MTL_FAST_MATH = YES;
				SDKROOT = iphoneos;
				SWIFT_COMPILATION_MODE = wholemodule;
				SWIFT_OPTIMIZATION_LEVEL = "-O";
				VALIDATE_PRODUCT = YES;
			};
			name = Release;
		};
		14AC5D11219DF47F0036026D /* Debug */ = {
			isa = XCBuildConfiguration;
			buildSettings = {
				ASSETCATALOG_COMPILER_APPICON_NAME = AppIcon;
				CODE_SIGN_STYLE = Automatic;
				INFOPLIST_FILE = "On The Map/Info.plist";
				LD_RUNPATH_SEARCH_PATHS = (
					"$(inherited)",
					"@executable_path/Frameworks",
				);
				PRODUCT_BUNDLE_IDENTIFIER = "com.lynmasri.On-The-Map";
				PRODUCT_NAME = "$(TARGET_NAME)";
				SWIFT_VERSION = 4.2;
				TARGETED_DEVICE_FAMILY = "1,2";
			};
			name = Debug;
		};
		14AC5D12219DF47F0036026D /* Release */ = {
			isa = XCBuildConfiguration;
			buildSettings = {
				ASSETCATALOG_COMPILER_APPICON_NAME = AppIcon;
				CODE_SIGN_STYLE = Automatic;
				INFOPLIST_FILE = "On The Map/Info.plist";
				LD_RUNPATH_SEARCH_PATHS = (
					"$(inherited)",
					"@executable_path/Frameworks",
				);
				PRODUCT_BUNDLE_IDENTIFIER = "com.lynmasri.On-The-Map";
				PRODUCT_NAME = "$(TARGET_NAME)";
				SWIFT_VERSION = 4.2;
				TARGETED_DEVICE_FAMILY = "1,2";
			};
			name = Release;
		};
/* End XCBuildConfiguration section */

/* Begin XCConfigurationList section */
		14AC5CF9219DF47E0036026D /* Build configuration list for PBXProject "On The Map" */ = {
			isa = XCConfigurationList;
			buildConfigurations = (
				14AC5D0E219DF47F0036026D /* Debug */,
				14AC5D0F219DF47F0036026D /* Release */,
			);
			defaultConfigurationIsVisible = 0;
			defaultConfigurationName = Release;
		};
		14AC5D10219DF47F0036026D /* Build configuration list for PBXNativeTarget "On The Map" */ = {
			isa = XCConfigurationList;
			buildConfigurations = (
				14AC5D11219DF47F0036026D /* Debug */,
				14AC5D12219DF47F0036026D /* Release */,
			);
			defaultConfigurationIsVisible = 0;
			defaultConfigurationName = Release;
		};
/* End XCConfigurationList section */
	};
	rootObject = 14AC5CF6219DF47E0036026D /* Project object */;
}
